
Microsoft Visual Studio Solution File, Format Version 12.00
Project("{2150E333-8FDC-42A3-9474-1A3956D46DE8}") = "User.Api", "User.Api", "{6E51083E-EDFF-4897-A59D-E111EAD711D3}"
EndProject
Project("{FAE04EC0-301F-11D3-BF4B-00C04F79EFBC}") = "User.Api", "User.Api\User.Api.csproj", "{3D727204-08C1-46BE-9CCD-B6EF9214A47D}"
EndProject
Project("{2150E333-8FDC-42A3-9474-1A3956D46DE8}") = "User.Application", "User.Application", "{D6EBA084-EE58-4E45-9D2D-14ACD486C177}"
EndProject
Project("{FAE04EC0-301F-11D3-BF4B-00C04F79EFBC}") = "User.Application", "User.Application\User.Application.csproj", "{E69ED370-5C0D-45B1-B036-0418E98C88C5}"
EndProject
Project("{FAE04EC0-301F-11D3-BF4B-00C04F79EFBC}") = "User.Domain", "User.Domain\User.Domain.csproj", "{1B5C011D-ECF1-41EA-B05C-AC38D991B02F}"
EndProject
Project("{2150E333-8FDC-42A3-9474-1A3956D46DE8}") = "User.Domain", "User.Domain", "{4032DDD7-3376-4B64-A565-46012DB48F65}"
EndProject
Project("{2150E333-8FDC-42A3-9474-1A3956D46DE8}") = "User.Infrastructure", "User.Infrastructure", "{2043EB21-3559-4559-BF10-819FAB12CC26}"
EndProject
Project("{FAE04EC0-301F-11D3-BF4B-00C04F79EFBC}") = "User.Infrastructure", "User.Infrastructure\User.Infrastructure.csproj", "{EA9DBD85-0DF1-4F5C-AC4D-EC3DB451E916}"
EndProject
Global
	GlobalSection(SolutionConfigurationPlatforms) = preSolution
		Debug|Any CPU = Debug|Any CPU
		Release|Any CPU = Release|Any CPU
	EndGlobalSection
	GlobalSection(NestedProjects) = preSolution
		{3D727204-08C1-46BE-9CCD-B6EF9214A47D} = {6E51083E-EDFF-4897-A59D-E111EAD711D3}
		{E69ED370-5C0D-45B1-B036-0418E98C88C5} = {D6EBA084-EE58-4E45-9D2D-14ACD486C177}
		{1B5C011D-ECF1-41EA-B05C-AC38D991B02F} = {4032DDD7-3376-4B64-A565-46012DB48F65}
		{EA9DBD85-0DF1-4F5C-AC4D-EC3DB451E916} = {2043EB21-3559-4559-BF10-819FAB12CC26}
	EndGlobalSection
	GlobalSection(ProjectConfigurationPlatforms) = postSolution
		{3D727204-08C1-46BE-9CCD-B6EF9214A47D}.Debug|Any CPU.ActiveCfg = Debug|Any CPU
		{3D727204-08C1-46BE-9CCD-B6EF9214A47D}.Debug|Any CPU.Build.0 = Debug|Any CPU
		{3D727204-08C1-46BE-9CCD-B6EF9214A47D}.Release|Any CPU.ActiveCfg = Release|Any CPU
		{3D727204-08C1-46BE-9CCD-B6EF9214A47D}.Release|Any CPU.Build.0 = Release|Any CPU
		{E69ED370-5C0D-45B1-B036-0418E98C88C5}.Debug|Any CPU.ActiveCfg = Debug|Any CPU
		{E69ED370-5C0D-45B1-B036-0418E98C88C5}.Debug|Any CPU.Build.0 = Debug|Any CPU
		{E69ED370-5C0D-45B1-B036-0418E98C88C5}.Release|Any CPU.ActiveCfg = Release|Any CPU
		{E69ED370-5C0D-45B1-B036-0418E98C88C5}.Release|Any CPU.Build.0 = Release|Any CPU
		{1B5C011D-ECF1-41EA-B05C-AC38D991B02F}.Debug|Any CPU.ActiveCfg = Debug|Any CPU
		{1B5C011D-ECF1-41EA-B05C-AC38D991B02F}.Debug|Any CPU.Build.0 = Debug|Any CPU
		{1B5C011D-ECF1-41EA-B05C-AC38D991B02F}.Release|Any CPU.ActiveCfg = Release|Any CPU
		{1B5C011D-ECF1-41EA-B05C-AC38D991B02F}.Release|Any CPU.Build.0 = Release|Any CPU
		{EA9DBD85-0DF1-4F5C-AC4D-EC3DB451E916}.Debug|Any CPU.ActiveCfg = Debug|Any CPU
		{EA9DBD85-0DF1-4F5C-AC4D-EC3DB451E916}.Debug|Any CPU.Build.0 = Debug|Any CPU
		{EA9DBD85-0DF1-4F5C-AC4D-EC3DB451E916}.Release|Any CPU.ActiveCfg = Release|Any CPU
		{EA9DBD85-0DF1-4F5C-AC4D-EC3DB451E916}.Release|Any CPU.Build.0 = Release|Any CPU
	EndGlobalSection
EndGlobal
