
Microsoft Visual Studio Solution File, Format Version 12.00
Project("{FAE04EC0-301F-11D3-BF4B-00C04F79EFBC}") = "Ad.Api", "Services\Ad.Service\Ad.Api\Ad.Api.csproj", "{78BB67B8-B0C8-4E44-AA86-C9B035F359C2}"
EndProject
Project("{FAE04EC0-301F-11D3-BF4B-00C04F79EFBC}") = "Ad.Application", "Services\Ad.Service\Ad.Application\Ad.Application.csproj", "{06EFC1C6-484B-4341-9B5E-8DCF15F88530}"
EndProject
Project("{FAE04EC0-301F-11D3-BF4B-00C04F79EFBC}") = "Ad.Domain", "Services\Ad.Service\Ad.Domain\Ad.Domain.csproj", "{F51A3C99-58C1-489C-85A3-E4DA1106EA03}"
EndProject
Project("{FAE04EC0-301F-11D3-BF4B-00C04F79EFBC}") = "Ad.Infrastructure", "Services\Ad.Service\Ad.Infrastructure\Ad.Infrastructure.csproj", "{2A075170-5D77-47CC-A52A-C6C7F4CA0056}"
EndProject
Project("{2150E333-8FDC-42A3-9474-1A3956D46DE8}") = "Ad.Service", "Ad.Service", "{5A2E075F-4A5A-4420-9285-E406290FA9E6}"
EndProject
Project("{2150E333-8FDC-42A3-9474-1A3956D46DE8}") = "User.Service", "User.Service", "{1AD65341-74FD-4822-9589-B036376E6773}"
EndProject
Project("{FAE04EC0-301F-11D3-BF4B-00C04F79EFBC}") = "User.Api", "Services\User.Service\User.Api\User.Api.csproj", "{A7546561-B04D-4854-8BAB-DC48FC4859AF}"
EndProject
Project("{FAE04EC0-301F-11D3-BF4B-00C04F79EFBC}") = "User.Application", "Services\User.Service\User.Application\User.Application.csproj", "{8FEE324E-C9D1-467E-A571-DEC50F100875}"
EndProject
Project("{FAE04EC0-301F-11D3-BF4B-00C04F79EFBC}") = "User.Domain", "Services\User.Service\User.Domain\User.Domain.csproj", "{B527802F-7B4A-447B-ABB6-1FE8C49950EE}"
EndProject
Project("{FAE04EC0-301F-11D3-BF4B-00C04F79EFBC}") = "User.Infrastructure", "Services\User.Service\User.Infrastructure\User.Infrastructure.csproj", "{6C091702-00ED-460E-AD8B-F206F8E670A3}"
EndProject
Project("{2150E333-8FDC-42A3-9474-1A3956D46DE8}") = "Api.Gateway", "Api.Gateway", "{4F402928-9B68-4ABF-8DF0-98143DAF359E}"
EndProject
Project("{2150E333-8FDC-42A3-9474-1A3956D46DE8}") = "BuildingBlocks", "BuildingBlocks", "{5BF05422-58D3-40DA-9AE7-324600E76A61}"
EndProject
Project("{2150E333-8FDC-42A3-9474-1A3956D46DE8}") = "Services", "Services", "{473ABE08-9D8B-4837-8791-0B78514EFDEA}"
EndProject
Project("{2150E333-8FDC-42A3-9474-1A3956D46DE8}") = "Deal.Service", "Deal.Service", "{659081EE-98C8-4A93-A3EC-FA359E7C4993}"
EndProject
Project("{FAE04EC0-301F-11D3-BF4B-00C04F79EFBC}") = "Deal.Api", "Services\Deal.Service\Deal.Api\Deal.Api.csproj", "{1AE8C4C3-B4A5-4979-9065-F9FE059703BB}"
EndProject
Project("{FAE04EC0-301F-11D3-BF4B-00C04F79EFBC}") = "Deal.Application", "Services\Deal.Service\Deal.Application\Deal.Application.csproj", "{325DC9EA-B149-482C-BDF3-7996B7FF8377}"
EndProject
Project("{FAE04EC0-301F-11D3-BF4B-00C04F79EFBC}") = "Deal.Domain", "Services\Deal.Service\Deal.Domain\Deal.Domain.csproj", "{66D1ED50-22CE-42E0-A01D-E028774324BE}"
EndProject
Project("{FAE04EC0-301F-11D3-BF4B-00C04F79EFBC}") = "Deal.Infrastructure", "Services\Deal.Service\Deal.Infrastructure\Deal.Infrastructure.csproj", "{463A208D-9F20-43E8-9CAD-A80E2388F632}"
EndProject
Project("{FAE04EC0-301F-11D3-BF4B-00C04F79EFBC}") = "Common", "BuildingBlocks\Common\Common.csproj", "{271E18D2-25FC-487D-B1EA-0B8AEB8F13E5}"
EndProject
Project("{FAE04EC0-301F-11D3-BF4B-00C04F79EFBC}") = "Bff.Api", "Api.Gateway\Bff.Api\Bff.Api.csproj", "{4DBBB5DC-288E-4656-AA29-17BD6E5F033B}"
EndProject
Project("{FAE04EC0-301F-11D3-BF4B-00C04F79EFBC}") = "User.Dto", "BuildingBlocks\User.Dto\User.Dto.csproj", "{2349D9EF-280F-44BB-B501-2BBEB8DCB39C}"
EndProject
Project("{FAE04EC0-301F-11D3-BF4B-00C04F79EFBC}") = "Deal.Dto", "BuildingBlocks\Deal.Dto\Deal.Dto.csproj", "{1B359C60-AEDE-4EB4-B87D-3A64FD75CC11}"
EndProject
Project("{FAE04EC0-301F-11D3-BF4B-00C04F79EFBC}") = "Ad.Dto", "BuildingBlocks\Ad.Dto\Ad.Dto.csproj", "{3F069552-F235-4BFE-A1C8-ADA502D063E8}"
EndProject
Project("{FAE04EC0-301F-11D3-BF4B-00C04F79EFBC}") = "Bff.Application", "Api.Gateway\Bff.Application\Bff.Application.csproj", "{0176DF8D-B0C3-4FFD-BF6C-FAD101386C7D}"
EndProject
Project("{FAE04EC0-301F-11D3-BF4B-00C04F79EFBC}") = "Chat.Dto", "BuildingBlocks\Chat.Dto\Chat.Dto.csproj", "{AE714689-5819-4E14-9352-6A00A057A7AF}"
EndProject
Project("{2150E333-8FDC-42A3-9474-1A3956D46DE8}") = "Chat.Service", "Chat.Service", "{D4CB0EA5-4EEE-4F1B-80DA-41B18A288871}"
EndProject
Project("{FAE04EC0-301F-11D3-BF4B-00C04F79EFBC}") = "Chat.Api", "Services\Chat.Service\Chat.Api\Chat.Api.csproj", "{95F289B9-B03B-4795-8DA9-B590C709CEE4}"
EndProject
Project("{FAE04EC0-301F-11D3-BF4B-00C04F79EFBC}") = "Chat.Application", "Services\Chat.Service\Chat.Application\Chat.Application.csproj", "{4BF3DF8E-CAF1-4EBE-AC6B-4DDA82E12120}"
EndProject
Project("{FAE04EC0-301F-11D3-BF4B-00C04F79EFBC}") = "Chat.Domain", "Services\Chat.Service\Chat.Domain\Chat.Domain.csproj", "{B2B2D626-6EE5-4A15-8904-1A45467D80D2}"
EndProject
Project("{FAE04EC0-301F-11D3-BF4B-00C04F79EFBC}") = "Chat.Infrastructure", "Services\Chat.Service\Chat.Infrastructure\Chat.Infrastructure.csproj", "{2B88617D-0FE1-466D-A3D9-912FA84FDE11}"
EndProject
Project("{FAE04EC0-301F-11D3-BF4B-00C04F79EFBC}") = "DbMigrator", "BuildingBlocks\DbMigrator\DbMigrator.csproj", "{50BDFE95-D393-486F-80C1-74971F94D4F4}"
EndProject
Project("{2150E333-8FDC-42A3-9474-1A3956D46DE8}") = "Notification.Service", "Notification.Service", "{CB07CE12-9830-44BB-B9E5-ABDA838959B6}"
EndProject
Project("{FAE04EC0-301F-11D3-BF4B-00C04F79EFBC}") = "Notification.Application", "Services\Notification.Service\Notification.Application\Notification.Application.csproj", "{8BC8034F-9879-4D78-B6D2-2EB802CDAAA5}"
EndProject
Project("{FAE04EC0-301F-11D3-BF4B-00C04F79EFBC}") = "Notification.Api", "Services\Notification.Service\Notification.Api\Notification.Api.csproj", "{22BCDAEA-AC5E-4C0C-8F7E-73651FF9331B}"
EndProject
Global
	GlobalSection(SolutionConfigurationPlatforms) = preSolution
		Debug|Any CPU = Debug|Any CPU
		Release|Any CPU = Release|Any CPU
	EndGlobalSection
	GlobalSection(NestedProjects) = preSolution
		{78BB67B8-B0C8-4E44-AA86-C9B035F359C2} = {5A2E075F-4A5A-4420-9285-E406290FA9E6}
		{06EFC1C6-484B-4341-9B5E-8DCF15F88530} = {5A2E075F-4A5A-4420-9285-E406290FA9E6}
		{F51A3C99-58C1-489C-85A3-E4DA1106EA03} = {5A2E075F-4A5A-4420-9285-E406290FA9E6}
		{2A075170-5D77-47CC-A52A-C6C7F4CA0056} = {5A2E075F-4A5A-4420-9285-E406290FA9E6}
		{A7546561-B04D-4854-8BAB-DC48FC4859AF} = {1AD65341-74FD-4822-9589-B036376E6773}
		{8FEE324E-C9D1-467E-A571-DEC50F100875} = {1AD65341-74FD-4822-9589-B036376E6773}
		{B527802F-7B4A-447B-ABB6-1FE8C49950EE} = {1AD65341-74FD-4822-9589-B036376E6773}
		{6C091702-00ED-460E-AD8B-F206F8E670A3} = {1AD65341-74FD-4822-9589-B036376E6773}
		{1AD65341-74FD-4822-9589-B036376E6773} = {473ABE08-9D8B-4837-8791-0B78514EFDEA}
		{5A2E075F-4A5A-4420-9285-E406290FA9E6} = {473ABE08-9D8B-4837-8791-0B78514EFDEA}
		{659081EE-98C8-4A93-A3EC-FA359E7C4993} = {473ABE08-9D8B-4837-8791-0B78514EFDEA}
		{1AE8C4C3-B4A5-4979-9065-F9FE059703BB} = {659081EE-98C8-4A93-A3EC-FA359E7C4993}
		{325DC9EA-B149-482C-BDF3-7996B7FF8377} = {659081EE-98C8-4A93-A3EC-FA359E7C4993}
		{66D1ED50-22CE-42E0-A01D-E028774324BE} = {659081EE-98C8-4A93-A3EC-FA359E7C4993}
		{463A208D-9F20-43E8-9CAD-A80E2388F632} = {659081EE-98C8-4A93-A3EC-FA359E7C4993}
		{271E18D2-25FC-487D-B1EA-0B8AEB8F13E5} = {5BF05422-58D3-40DA-9AE7-324600E76A61}
		{4DBBB5DC-288E-4656-AA29-17BD6E5F033B} = {4F402928-9B68-4ABF-8DF0-98143DAF359E}
		{2349D9EF-280F-44BB-B501-2BBEB8DCB39C} = {5BF05422-58D3-40DA-9AE7-324600E76A61}
		{1B359C60-AEDE-4EB4-B87D-3A64FD75CC11} = {5BF05422-58D3-40DA-9AE7-324600E76A61}
		{3F069552-F235-4BFE-A1C8-ADA502D063E8} = {5BF05422-58D3-40DA-9AE7-324600E76A61}
		{0176DF8D-B0C3-4FFD-BF6C-FAD101386C7D} = {4F402928-9B68-4ABF-8DF0-98143DAF359E}
		{AE714689-5819-4E14-9352-6A00A057A7AF} = {5BF05422-58D3-40DA-9AE7-324600E76A61}
		{D4CB0EA5-4EEE-4F1B-80DA-41B18A288871} = {473ABE08-9D8B-4837-8791-0B78514EFDEA}
		{95F289B9-B03B-4795-8DA9-B590C709CEE4} = {D4CB0EA5-4EEE-4F1B-80DA-41B18A288871}
		{4BF3DF8E-CAF1-4EBE-AC6B-4DDA82E12120} = {D4CB0EA5-4EEE-4F1B-80DA-41B18A288871}
		{B2B2D626-6EE5-4A15-8904-1A45467D80D2} = {D4CB0EA5-4EEE-4F1B-80DA-41B18A288871}
		{2B88617D-0FE1-466D-A3D9-912FA84FDE11} = {D4CB0EA5-4EEE-4F1B-80DA-41B18A288871}
		{50BDFE95-D393-486F-80C1-74971F94D4F4} = {5BF05422-58D3-40DA-9AE7-324600E76A61}
		{CB07CE12-9830-44BB-B9E5-ABDA838959B6} = {473ABE08-9D8B-4837-8791-0B78514EFDEA}
		{8BC8034F-9879-4D78-B6D2-2EB802CDAAA5} = {CB07CE12-9830-44BB-B9E5-ABDA838959B6}
		{22BCDAEA-AC5E-4C0C-8F7E-73651FF9331B} = {CB07CE12-9830-44BB-B9E5-ABDA838959B6}
	EndGlobalSection
	GlobalSection(ProjectConfigurationPlatforms) = postSolution
		{78BB67B8-B0C8-4E44-AA86-C9B035F359C2}.Debug|Any CPU.ActiveCfg = Debug|Any CPU
		{78BB67B8-B0C8-4E44-AA86-C9B035F359C2}.Debug|Any CPU.Build.0 = Debug|Any CPU
		{78BB67B8-B0C8-4E44-AA86-C9B035F359C2}.Release|Any CPU.ActiveCfg = Release|Any CPU
		{78BB67B8-B0C8-4E44-AA86-C9B035F359C2}.Release|Any CPU.Build.0 = Release|Any CPU
		{06EFC1C6-484B-4341-9B5E-8DCF15F88530}.Debug|Any CPU.ActiveCfg = Debug|Any CPU
		{06EFC1C6-484B-4341-9B5E-8DCF15F88530}.Debug|Any CPU.Build.0 = Debug|Any CPU
		{06EFC1C6-484B-4341-9B5E-8DCF15F88530}.Release|Any CPU.ActiveCfg = Release|Any CPU
		{06EFC1C6-484B-4341-9B5E-8DCF15F88530}.Release|Any CPU.Build.0 = Release|Any CPU
		{F51A3C99-58C1-489C-85A3-E4DA1106EA03}.Debug|Any CPU.ActiveCfg = Debug|Any CPU
		{F51A3C99-58C1-489C-85A3-E4DA1106EA03}.Debug|Any CPU.Build.0 = Debug|Any CPU
		{F51A3C99-58C1-489C-85A3-E4DA1106EA03}.Release|Any CPU.ActiveCfg = Release|Any CPU
		{F51A3C99-58C1-489C-85A3-E4DA1106EA03}.Release|Any CPU.Build.0 = Release|Any CPU
		{2A075170-5D77-47CC-A52A-C6C7F4CA0056}.Debug|Any CPU.ActiveCfg = Debug|Any CPU
		{2A075170-5D77-47CC-A52A-C6C7F4CA0056}.Debug|Any CPU.Build.0 = Debug|Any CPU
		{2A075170-5D77-47CC-A52A-C6C7F4CA0056}.Release|Any CPU.ActiveCfg = Release|Any CPU
		{2A075170-5D77-47CC-A52A-C6C7F4CA0056}.Release|Any CPU.Build.0 = Release|Any CPU
		{A7546561-B04D-4854-8BAB-DC48FC4859AF}.Debug|Any CPU.ActiveCfg = Debug|Any CPU
		{A7546561-B04D-4854-8BAB-DC48FC4859AF}.Debug|Any CPU.Build.0 = Debug|Any CPU
		{A7546561-B04D-4854-8BAB-DC48FC4859AF}.Release|Any CPU.ActiveCfg = Release|Any CPU
		{A7546561-B04D-4854-8BAB-DC48FC4859AF}.Release|Any CPU.Build.0 = Release|Any CPU
		{8FEE324E-C9D1-467E-A571-DEC50F100875}.Debug|Any CPU.ActiveCfg = Debug|Any CPU
		{8FEE324E-C9D1-467E-A571-DEC50F100875}.Debug|Any CPU.Build.0 = Debug|Any CPU
		{8FEE324E-C9D1-467E-A571-DEC50F100875}.Release|Any CPU.ActiveCfg = Release|Any CPU
		{8FEE324E-C9D1-467E-A571-DEC50F100875}.Release|Any CPU.Build.0 = Release|Any CPU
		{B527802F-7B4A-447B-ABB6-1FE8C49950EE}.Debug|Any CPU.ActiveCfg = Debug|Any CPU
		{B527802F-7B4A-447B-ABB6-1FE8C49950EE}.Debug|Any CPU.Build.0 = Debug|Any CPU
		{B527802F-7B4A-447B-ABB6-1FE8C49950EE}.Release|Any CPU.ActiveCfg = Release|Any CPU
		{B527802F-7B4A-447B-ABB6-1FE8C49950EE}.Release|Any CPU.Build.0 = Release|Any CPU
		{6C091702-00ED-460E-AD8B-F206F8E670A3}.Debug|Any CPU.ActiveCfg = Debug|Any CPU
		{6C091702-00ED-460E-AD8B-F206F8E670A3}.Debug|Any CPU.Build.0 = Debug|Any CPU
		{6C091702-00ED-460E-AD8B-F206F8E670A3}.Release|Any CPU.ActiveCfg = Release|Any CPU
		{6C091702-00ED-460E-AD8B-F206F8E670A3}.Release|Any CPU.Build.0 = Release|Any CPU
		{1AE8C4C3-B4A5-4979-9065-F9FE059703BB}.Debug|Any CPU.ActiveCfg = Debug|Any CPU
		{1AE8C4C3-B4A5-4979-9065-F9FE059703BB}.Debug|Any CPU.Build.0 = Debug|Any CPU
		{1AE8C4C3-B4A5-4979-9065-F9FE059703BB}.Release|Any CPU.ActiveCfg = Release|Any CPU
		{1AE8C4C3-B4A5-4979-9065-F9FE059703BB}.Release|Any CPU.Build.0 = Release|Any CPU
		{325DC9EA-B149-482C-BDF3-7996B7FF8377}.Debug|Any CPU.ActiveCfg = Debug|Any CPU
		{325DC9EA-B149-482C-BDF3-7996B7FF8377}.Debug|Any CPU.Build.0 = Debug|Any CPU
		{325DC9EA-B149-482C-BDF3-7996B7FF8377}.Release|Any CPU.ActiveCfg = Release|Any CPU
		{325DC9EA-B149-482C-BDF3-7996B7FF8377}.Release|Any CPU.Build.0 = Release|Any CPU
		{66D1ED50-22CE-42E0-A01D-E028774324BE}.Debug|Any CPU.ActiveCfg = Debug|Any CPU
		{66D1ED50-22CE-42E0-A01D-E028774324BE}.Debug|Any CPU.Build.0 = Debug|Any CPU
		{66D1ED50-22CE-42E0-A01D-E028774324BE}.Release|Any CPU.ActiveCfg = Release|Any CPU
		{66D1ED50-22CE-42E0-A01D-E028774324BE}.Release|Any CPU.Build.0 = Release|Any CPU
		{463A208D-9F20-43E8-9CAD-A80E2388F632}.Debug|Any CPU.ActiveCfg = Debug|Any CPU
		{463A208D-9F20-43E8-9CAD-A80E2388F632}.Debug|Any CPU.Build.0 = Debug|Any CPU
		{463A208D-9F20-43E8-9CAD-A80E2388F632}.Release|Any CPU.ActiveCfg = Release|Any CPU
		{463A208D-9F20-43E8-9CAD-A80E2388F632}.Release|Any CPU.Build.0 = Release|Any CPU
		{271E18D2-25FC-487D-B1EA-0B8AEB8F13E5}.Debug|Any CPU.ActiveCfg = Debug|Any CPU
		{271E18D2-25FC-487D-B1EA-0B8AEB8F13E5}.Debug|Any CPU.Build.0 = Debug|Any CPU
		{271E18D2-25FC-487D-B1EA-0B8AEB8F13E5}.Release|Any CPU.ActiveCfg = Release|Any CPU
		{271E18D2-25FC-487D-B1EA-0B8AEB8F13E5}.Release|Any CPU.Build.0 = Release|Any CPU
		{4DBBB5DC-288E-4656-AA29-17BD6E5F033B}.Debug|Any CPU.ActiveCfg = Debug|Any CPU
		{4DBBB5DC-288E-4656-AA29-17BD6E5F033B}.Debug|Any CPU.Build.0 = Debug|Any CPU
		{4DBBB5DC-288E-4656-AA29-17BD6E5F033B}.Release|Any CPU.ActiveCfg = Release|Any CPU
		{4DBBB5DC-288E-4656-AA29-17BD6E5F033B}.Release|Any CPU.Build.0 = Release|Any CPU
		{2349D9EF-280F-44BB-B501-2BBEB8DCB39C}.Debug|Any CPU.ActiveCfg = Debug|Any CPU
		{2349D9EF-280F-44BB-B501-2BBEB8DCB39C}.Debug|Any CPU.Build.0 = Debug|Any CPU
		{2349D9EF-280F-44BB-B501-2BBEB8DCB39C}.Release|Any CPU.ActiveCfg = Release|Any CPU
		{2349D9EF-280F-44BB-B501-2BBEB8DCB39C}.Release|Any CPU.Build.0 = Release|Any CPU
		{1B359C60-AEDE-4EB4-B87D-3A64FD75CC11}.Debug|Any CPU.ActiveCfg = Debug|Any CPU
		{1B359C60-AEDE-4EB4-B87D-3A64FD75CC11}.Debug|Any CPU.Build.0 = Debug|Any CPU
		{1B359C60-AEDE-4EB4-B87D-3A64FD75CC11}.Release|Any CPU.ActiveCfg = Release|Any CPU
		{1B359C60-AEDE-4EB4-B87D-3A64FD75CC11}.Release|Any CPU.Build.0 = Release|Any CPU
		{3F069552-F235-4BFE-A1C8-ADA502D063E8}.Debug|Any CPU.ActiveCfg = Debug|Any CPU
		{3F069552-F235-4BFE-A1C8-ADA502D063E8}.Debug|Any CPU.Build.0 = Debug|Any CPU
		{3F069552-F235-4BFE-A1C8-ADA502D063E8}.Release|Any CPU.ActiveCfg = Release|Any CPU
		{3F069552-F235-4BFE-A1C8-ADA502D063E8}.Release|Any CPU.Build.0 = Release|Any CPU
		{0176DF8D-B0C3-4FFD-BF6C-FAD101386C7D}.Debug|Any CPU.ActiveCfg = Debug|Any CPU
		{0176DF8D-B0C3-4FFD-BF6C-FAD101386C7D}.Debug|Any CPU.Build.0 = Debug|Any CPU
		{0176DF8D-B0C3-4FFD-BF6C-FAD101386C7D}.Release|Any CPU.ActiveCfg = Release|Any CPU
		{0176DF8D-B0C3-4FFD-BF6C-FAD101386C7D}.Release|Any CPU.Build.0 = Release|Any CPU
		{AE714689-5819-4E14-9352-6A00A057A7AF}.Debug|Any CPU.ActiveCfg = Debug|Any CPU
		{AE714689-5819-4E14-9352-6A00A057A7AF}.Debug|Any CPU.Build.0 = Debug|Any CPU
		{AE714689-5819-4E14-9352-6A00A057A7AF}.Release|Any CPU.ActiveCfg = Release|Any CPU
		{AE714689-5819-4E14-9352-6A00A057A7AF}.Release|Any CPU.Build.0 = Release|Any CPU
		{95F289B9-B03B-4795-8DA9-B590C709CEE4}.Debug|Any CPU.ActiveCfg = Debug|Any CPU
		{95F289B9-B03B-4795-8DA9-B590C709CEE4}.Debug|Any CPU.Build.0 = Debug|Any CPU
		{95F289B9-B03B-4795-8DA9-B590C709CEE4}.Release|Any CPU.ActiveCfg = Release|Any CPU
		{95F289B9-B03B-4795-8DA9-B590C709CEE4}.Release|Any CPU.Build.0 = Release|Any CPU
		{4BF3DF8E-CAF1-4EBE-AC6B-4DDA82E12120}.Debug|Any CPU.ActiveCfg = Debug|Any CPU
		{4BF3DF8E-CAF1-4EBE-AC6B-4DDA82E12120}.Debug|Any CPU.Build.0 = Debug|Any CPU
		{4BF3DF8E-CAF1-4EBE-AC6B-4DDA82E12120}.Release|Any CPU.ActiveCfg = Release|Any CPU
		{4BF3DF8E-CAF1-4EBE-AC6B-4DDA82E12120}.Release|Any CPU.Build.0 = Release|Any CPU
		{B2B2D626-6EE5-4A15-8904-1A45467D80D2}.Debug|Any CPU.ActiveCfg = Debug|Any CPU
		{B2B2D626-6EE5-4A15-8904-1A45467D80D2}.Debug|Any CPU.Build.0 = Debug|Any CPU
		{B2B2D626-6EE5-4A15-8904-1A45467D80D2}.Release|Any CPU.ActiveCfg = Release|Any CPU
		{B2B2D626-6EE5-4A15-8904-1A45467D80D2}.Release|Any CPU.Build.0 = Release|Any CPU
		{2B88617D-0FE1-466D-A3D9-912FA84FDE11}.Debug|Any CPU.ActiveCfg = Debug|Any CPU
		{2B88617D-0FE1-466D-A3D9-912FA84FDE11}.Debug|Any CPU.Build.0 = Debug|Any CPU
		{2B88617D-0FE1-466D-A3D9-912FA84FDE11}.Release|Any CPU.ActiveCfg = Release|Any CPU
		{2B88617D-0FE1-466D-A3D9-912FA84FDE11}.Release|Any CPU.Build.0 = Release|Any CPU
		{50BDFE95-D393-486F-80C1-74971F94D4F4}.Debug|Any CPU.ActiveCfg = Debug|Any CPU
		{50BDFE95-D393-486F-80C1-74971F94D4F4}.Debug|Any CPU.Build.0 = Debug|Any CPU
		{50BDFE95-D393-486F-80C1-74971F94D4F4}.Release|Any CPU.ActiveCfg = Release|Any CPU
		{50BDFE95-D393-486F-80C1-74971F94D4F4}.Release|Any CPU.Build.0 = Release|Any CPU
		{8BC8034F-9879-4D78-B6D2-2EB802CDAAA5}.Debug|Any CPU.ActiveCfg = Debug|Any CPU
		{8BC8034F-9879-4D78-B6D2-2EB802CDAAA5}.Debug|Any CPU.Build.0 = Debug|Any CPU
		{8BC8034F-9879-4D78-B6D2-2EB802CDAAA5}.Release|Any CPU.ActiveCfg = Release|Any CPU
		{8BC8034F-9879-4D78-B6D2-2EB802CDAAA5}.Release|Any CPU.Build.0 = Release|Any CPU
		{22BCDAEA-AC5E-4C0C-8F7E-73651FF9331B}.Debug|Any CPU.ActiveCfg = Debug|Any CPU
		{22BCDAEA-AC5E-4C0C-8F7E-73651FF9331B}.Debug|Any CPU.Build.0 = Debug|Any CPU
		{22BCDAEA-AC5E-4C0C-8F7E-73651FF9331B}.Release|Any CPU.ActiveCfg = Release|Any CPU
		{22BCDAEA-AC5E-4C0C-8F7E-73651FF9331B}.Release|Any CPU.Build.0 = Release|Any CPU
	EndGlobalSection
EndGlobal
