
Microsoft Visual Studio Solution File, Format Version 12.00
Project("{FAE04EC0-301F-11D3-BF4B-00C04F79EFBC}") = "Ad.Api", "Ad.Api\Ad.Api.csproj", "{78BB67B8-B0C8-4E44-AA86-C9B035F359C2}"
EndProject
Project("{FAE04EC0-301F-11D3-BF4B-00C04F79EFBC}") = "Ad.Application.Lib", "Ad.Application.Lib\Ad.Application.Lib.csproj", "{06EFC1C6-484B-4341-9B5E-8DCF15F88530}"
EndProject
Project("{FAE04EC0-301F-11D3-BF4B-00C04F79EFBC}") = "Ad.Domain.Core", "Ad.Domain.Core\Ad.Domain.Core.csproj", "{F51A3C99-58C1-489C-85A3-E4DA1106EA03}"
EndProject
Project("{FAE04EC0-301F-11D3-BF4B-00C04F79EFBC}") = "Ad.Infrastructure.Lib", "Ad.Infrastructure.Lib\Ad.Infrastructure.Lib.csproj", "{2A075170-5D77-47CC-A52A-C6C7F4CA0056}"
EndProject
Project("{2150E333-8FDC-42A3-9474-1A3956D46DE8}") = "Ad.Service", "Ad.Service", "{5A2E075F-4A5A-4420-9285-E406290FA9E6}"
EndProject
Project("{2150E333-8FDC-42A3-9474-1A3956D46DE8}") = "User.Service", "User.Service", "{1AD65341-74FD-4822-9589-B036376E6773}"
EndProject
Project("{FAE04EC0-301F-11D3-BF4B-00C04F79EFBC}") = "User.Api", "User.Api\User.Api.csproj", "{A7546561-B04D-4854-8BAB-DC48FC4859AF}"
EndProject
Project("{FAE04EC0-301F-11D3-BF4B-00C04F79EFBC}") = "User.Application", "User.Application\User.Application.csproj", "{8FEE324E-C9D1-467E-A571-DEC50F100875}"
EndProject
Project("{FAE04EC0-301F-11D3-BF4B-00C04F79EFBC}") = "User.Domain", "User.Domain\User.Domain.csproj", "{B527802F-7B4A-447B-ABB6-1FE8C49950EE}"
EndProject
Project("{FAE04EC0-301F-11D3-BF4B-00C04F79EFBC}") = "User.Infrastructure", "User.Infrastructure\User.Infrastructure.csproj", "{6C091702-00ED-460E-AD8B-F206F8E670A3}"
EndProject
Project("{2150E333-8FDC-42A3-9474-1A3956D46DE8}") = "Api.Gateway", "Api.Gateway", "{4F402928-9B68-4ABF-8DF0-98143DAF359E}"
EndProject
Project("{2150E333-8FDC-42A3-9474-1A3956D46DE8}") = "BuildingBlocks", "BuildingBlocks", "{5BF05422-58D3-40DA-9AE7-324600E76A61}"
EndProject
Project("{2150E333-8FDC-42A3-9474-1A3956D46DE8}") = "Services", "Services", "{473ABE08-9D8B-4837-8791-0B78514EFDEA}"
EndProject
Project("{FAE04EC0-301F-11D3-BF4B-00C04F79EFBC}") = "Ocelot.ApiGw", "Ocelot.ApiGw\Ocelot.ApiGw.csproj", "{85D68432-3DBC-47AC-BFC3-17656EEFB015}"
EndProject
Project("{FAE04EC0-301F-11D3-BF4B-00C04F79EFBC}") = "Auth", "Auth\Auth.csproj", "{13B23358-1796-47B8-9DA4-51288E1B0781}"
EndProject
Project("{2150E333-8FDC-42A3-9474-1A3956D46DE8}") = "Deal.Service", "Deal.Service", "{659081EE-98C8-4A93-A3EC-FA359E7C4993}"
EndProject
Project("{FAE04EC0-301F-11D3-BF4B-00C04F79EFBC}") = "Deal.Api", "Services\Deal.Service\Deal.Api\Deal.Api.csproj", "{1AE8C4C3-B4A5-4979-9065-F9FE059703BB}"
EndProject
Project("{FAE04EC0-301F-11D3-BF4B-00C04F79EFBC}") = "Deal.Application", "Services\Deal.Service\Deal.Application\Deal.Application.csproj", "{325DC9EA-B149-482C-BDF3-7996B7FF8377}"
EndProject
Project("{FAE04EC0-301F-11D3-BF4B-00C04F79EFBC}") = "Deal.Domain", "Services\Deal.Service\Deal.Domain\Deal.Domain.csproj", "{66D1ED50-22CE-42E0-A01D-E028774324BE}"
EndProject
Project("{FAE04EC0-301F-11D3-BF4B-00C04F79EFBC}") = "Deal.Infrastructure", "Services\Deal.Service\Deal.Infrastructure\Deal.Infrastructure.csproj", "{463A208D-9F20-43E8-9CAD-A80E2388F632}"
EndProject
Global
	GlobalSection(SolutionConfigurationPlatforms) = preSolution
		Debug|Any CPU = Debug|Any CPU
		Release|Any CPU = Release|Any CPU
	EndGlobalSection
	GlobalSection(NestedProjects) = preSolution
		{78BB67B8-B0C8-4E44-AA86-C9B035F359C2} = {5A2E075F-4A5A-4420-9285-E406290FA9E6}
		{06EFC1C6-484B-4341-9B5E-8DCF15F88530} = {5A2E075F-4A5A-4420-9285-E406290FA9E6}
		{F51A3C99-58C1-489C-85A3-E4DA1106EA03} = {5A2E075F-4A5A-4420-9285-E406290FA9E6}
		{2A075170-5D77-47CC-A52A-C6C7F4CA0056} = {5A2E075F-4A5A-4420-9285-E406290FA9E6}
		{A7546561-B04D-4854-8BAB-DC48FC4859AF} = {1AD65341-74FD-4822-9589-B036376E6773}
		{8FEE324E-C9D1-467E-A571-DEC50F100875} = {1AD65341-74FD-4822-9589-B036376E6773}
		{B527802F-7B4A-447B-ABB6-1FE8C49950EE} = {1AD65341-74FD-4822-9589-B036376E6773}
		{6C091702-00ED-460E-AD8B-F206F8E670A3} = {1AD65341-74FD-4822-9589-B036376E6773}
		{1AD65341-74FD-4822-9589-B036376E6773} = {473ABE08-9D8B-4837-8791-0B78514EFDEA}
		{5A2E075F-4A5A-4420-9285-E406290FA9E6} = {473ABE08-9D8B-4837-8791-0B78514EFDEA}
		{85D68432-3DBC-47AC-BFC3-17656EEFB015} = {4F402928-9B68-4ABF-8DF0-98143DAF359E}
		{13B23358-1796-47B8-9DA4-51288E1B0781} = {5BF05422-58D3-40DA-9AE7-324600E76A61}
		{659081EE-98C8-4A93-A3EC-FA359E7C4993} = {473ABE08-9D8B-4837-8791-0B78514EFDEA}
		{1AE8C4C3-B4A5-4979-9065-F9FE059703BB} = {659081EE-98C8-4A93-A3EC-FA359E7C4993}
		{325DC9EA-B149-482C-BDF3-7996B7FF8377} = {659081EE-98C8-4A93-A3EC-FA359E7C4993}
		{66D1ED50-22CE-42E0-A01D-E028774324BE} = {659081EE-98C8-4A93-A3EC-FA359E7C4993}
		{463A208D-9F20-43E8-9CAD-A80E2388F632} = {659081EE-98C8-4A93-A3EC-FA359E7C4993}
	EndGlobalSection
	GlobalSection(ProjectConfigurationPlatforms) = postSolution
		{78BB67B8-B0C8-4E44-AA86-C9B035F359C2}.Debug|Any CPU.ActiveCfg = Debug|Any CPU
		{78BB67B8-B0C8-4E44-AA86-C9B035F359C2}.Debug|Any CPU.Build.0 = Debug|Any CPU
		{78BB67B8-B0C8-4E44-AA86-C9B035F359C2}.Release|Any CPU.ActiveCfg = Release|Any CPU
		{78BB67B8-B0C8-4E44-AA86-C9B035F359C2}.Release|Any CPU.Build.0 = Release|Any CPU
		{06EFC1C6-484B-4341-9B5E-8DCF15F88530}.Debug|Any CPU.ActiveCfg = Debug|Any CPU
		{06EFC1C6-484B-4341-9B5E-8DCF15F88530}.Debug|Any CPU.Build.0 = Debug|Any CPU
		{06EFC1C6-484B-4341-9B5E-8DCF15F88530}.Release|Any CPU.ActiveCfg = Release|Any CPU
		{06EFC1C6-484B-4341-9B5E-8DCF15F88530}.Release|Any CPU.Build.0 = Release|Any CPU
		{F51A3C99-58C1-489C-85A3-E4DA1106EA03}.Debug|Any CPU.ActiveCfg = Debug|Any CPU
		{F51A3C99-58C1-489C-85A3-E4DA1106EA03}.Debug|Any CPU.Build.0 = Debug|Any CPU
		{F51A3C99-58C1-489C-85A3-E4DA1106EA03}.Release|Any CPU.ActiveCfg = Release|Any CPU
		{F51A3C99-58C1-489C-85A3-E4DA1106EA03}.Release|Any CPU.Build.0 = Release|Any CPU
		{2A075170-5D77-47CC-A52A-C6C7F4CA0056}.Debug|Any CPU.ActiveCfg = Debug|Any CPU
		{2A075170-5D77-47CC-A52A-C6C7F4CA0056}.Debug|Any CPU.Build.0 = Debug|Any CPU
		{2A075170-5D77-47CC-A52A-C6C7F4CA0056}.Release|Any CPU.ActiveCfg = Release|Any CPU
		{2A075170-5D77-47CC-A52A-C6C7F4CA0056}.Release|Any CPU.Build.0 = Release|Any CPU
		{A7546561-B04D-4854-8BAB-DC48FC4859AF}.Debug|Any CPU.ActiveCfg = Debug|Any CPU
		{A7546561-B04D-4854-8BAB-DC48FC4859AF}.Debug|Any CPU.Build.0 = Debug|Any CPU
		{A7546561-B04D-4854-8BAB-DC48FC4859AF}.Release|Any CPU.ActiveCfg = Release|Any CPU
		{A7546561-B04D-4854-8BAB-DC48FC4859AF}.Release|Any CPU.Build.0 = Release|Any CPU
		{8FEE324E-C9D1-467E-A571-DEC50F100875}.Debug|Any CPU.ActiveCfg = Debug|Any CPU
		{8FEE324E-C9D1-467E-A571-DEC50F100875}.Debug|Any CPU.Build.0 = Debug|Any CPU
		{8FEE324E-C9D1-467E-A571-DEC50F100875}.Release|Any CPU.ActiveCfg = Release|Any CPU
		{8FEE324E-C9D1-467E-A571-DEC50F100875}.Release|Any CPU.Build.0 = Release|Any CPU
		{B527802F-7B4A-447B-ABB6-1FE8C49950EE}.Debug|Any CPU.ActiveCfg = Debug|Any CPU
		{B527802F-7B4A-447B-ABB6-1FE8C49950EE}.Debug|Any CPU.Build.0 = Debug|Any CPU
		{B527802F-7B4A-447B-ABB6-1FE8C49950EE}.Release|Any CPU.ActiveCfg = Release|Any CPU
		{B527802F-7B4A-447B-ABB6-1FE8C49950EE}.Release|Any CPU.Build.0 = Release|Any CPU
		{6C091702-00ED-460E-AD8B-F206F8E670A3}.Debug|Any CPU.ActiveCfg = Debug|Any CPU
		{6C091702-00ED-460E-AD8B-F206F8E670A3}.Debug|Any CPU.Build.0 = Debug|Any CPU
		{6C091702-00ED-460E-AD8B-F206F8E670A3}.Release|Any CPU.ActiveCfg = Release|Any CPU
		{6C091702-00ED-460E-AD8B-F206F8E670A3}.Release|Any CPU.Build.0 = Release|Any CPU
		{85D68432-3DBC-47AC-BFC3-17656EEFB015}.Debug|Any CPU.ActiveCfg = Debug|Any CPU
		{85D68432-3DBC-47AC-BFC3-17656EEFB015}.Debug|Any CPU.Build.0 = Debug|Any CPU
		{85D68432-3DBC-47AC-BFC3-17656EEFB015}.Release|Any CPU.ActiveCfg = Release|Any CPU
		{85D68432-3DBC-47AC-BFC3-17656EEFB015}.Release|Any CPU.Build.0 = Release|Any CPU
		{13B23358-1796-47B8-9DA4-51288E1B0781}.Debug|Any CPU.ActiveCfg = Debug|Any CPU
		{13B23358-1796-47B8-9DA4-51288E1B0781}.Debug|Any CPU.Build.0 = Debug|Any CPU
		{13B23358-1796-47B8-9DA4-51288E1B0781}.Release|Any CPU.ActiveCfg = Release|Any CPU
		{13B23358-1796-47B8-9DA4-51288E1B0781}.Release|Any CPU.Build.0 = Release|Any CPU
		{1AE8C4C3-B4A5-4979-9065-F9FE059703BB}.Debug|Any CPU.ActiveCfg = Debug|Any CPU
		{1AE8C4C3-B4A5-4979-9065-F9FE059703BB}.Debug|Any CPU.Build.0 = Debug|Any CPU
		{1AE8C4C3-B4A5-4979-9065-F9FE059703BB}.Release|Any CPU.ActiveCfg = Release|Any CPU
		{1AE8C4C3-B4A5-4979-9065-F9FE059703BB}.Release|Any CPU.Build.0 = Release|Any CPU
		{325DC9EA-B149-482C-BDF3-7996B7FF8377}.Debug|Any CPU.ActiveCfg = Debug|Any CPU
		{325DC9EA-B149-482C-BDF3-7996B7FF8377}.Debug|Any CPU.Build.0 = Debug|Any CPU
		{325DC9EA-B149-482C-BDF3-7996B7FF8377}.Release|Any CPU.ActiveCfg = Release|Any CPU
		{325DC9EA-B149-482C-BDF3-7996B7FF8377}.Release|Any CPU.Build.0 = Release|Any CPU
		{66D1ED50-22CE-42E0-A01D-E028774324BE}.Debug|Any CPU.ActiveCfg = Debug|Any CPU
		{66D1ED50-22CE-42E0-A01D-E028774324BE}.Debug|Any CPU.Build.0 = Debug|Any CPU
		{66D1ED50-22CE-42E0-A01D-E028774324BE}.Release|Any CPU.ActiveCfg = Release|Any CPU
		{66D1ED50-22CE-42E0-A01D-E028774324BE}.Release|Any CPU.Build.0 = Release|Any CPU
		{463A208D-9F20-43E8-9CAD-A80E2388F632}.Debug|Any CPU.ActiveCfg = Debug|Any CPU
		{463A208D-9F20-43E8-9CAD-A80E2388F632}.Debug|Any CPU.Build.0 = Debug|Any CPU
		{463A208D-9F20-43E8-9CAD-A80E2388F632}.Release|Any CPU.ActiveCfg = Release|Any CPU
		{463A208D-9F20-43E8-9CAD-A80E2388F632}.Release|Any CPU.Build.0 = Release|Any CPU
	EndGlobalSection
EndGlobal
