
Microsoft Visual Studio Solution File, Format Version 12.00
Project("{2150E333-8FDC-42A3-9474-1A3956D46DE8}") = "Ad.Api.Service", "Ad.Api.Service", "{0B6FDCE0-B503-447E-A0DB-F271FEDCCF33}"
EndProject
Project("{FAE04EC0-301F-11D3-BF4B-00C04F79EFBC}") = "Ad.Api", "Ad.Api\Ad.Api.csproj", "{78BB67B8-B0C8-4E44-AA86-C9B035F359C2}"
EndProject
Project("{2150E333-8FDC-42A3-9474-1A3956D46DE8}") = "Ad.Application", "Ad.Application", "{8F6E37F2-F530-4DC6-B003-40E70999850B}"
EndProject
Project("{2150E333-8FDC-42A3-9474-1A3956D46DE8}") = "Ad.Domain", "Ad.Domain", "{638D5110-F74F-4F0F-A302-50DF3264885A}"
EndProject
Project("{2150E333-8FDC-42A3-9474-1A3956D46DE8}") = "Ad.Infrastructure", "Ad.Infrastructure", "{BD0BBFEE-7B06-43CF-B2FB-7220E4D0D437}"
EndProject
Project("{FAE04EC0-301F-11D3-BF4B-00C04F79EFBC}") = "Ad.Application.Lib", "Ad.Application.Lib\Ad.Application.Lib.csproj", "{06EFC1C6-484B-4341-9B5E-8DCF15F88530}"
EndProject
Project("{FAE04EC0-301F-11D3-BF4B-00C04F79EFBC}") = "Ad.Domain.Core", "Ad.Domain.Core\Ad.Domain.Core.csproj", "{F51A3C99-58C1-489C-85A3-E4DA1106EA03}"
EndProject
Project("{FAE04EC0-301F-11D3-BF4B-00C04F79EFBC}") = "Ad.Infrastructure.Lib", "Ad.Infrastructure.Lib\Ad.Infrastructure.Lib.csproj", "{2A075170-5D77-47CC-A52A-C6C7F4CA0056}"
EndProject
Project("{2150E333-8FDC-42A3-9474-1A3956D46DE8}") = "Ad.Service", "Ad.Service", "{5A2E075F-4A5A-4420-9285-E406290FA9E6}"
EndProject
Project("{2150E333-8FDC-42A3-9474-1A3956D46DE8}") = "User.Service", "User.Service", "{1AD65341-74FD-4822-9589-B036376E6773}"
EndProject
Project("{2150E333-8FDC-42A3-9474-1A3956D46DE8}") = "User.Api", "User.Api", "{C2E83DA6-6088-4B19-BFEA-D06E8643217E}"
EndProject
Project("{2150E333-8FDC-42A3-9474-1A3956D46DE8}") = "User.Application", "User.Application", "{DE90418E-81EA-40F8-9A85-EB7E5955502F}"
EndProject
Project("{2150E333-8FDC-42A3-9474-1A3956D46DE8}") = "User.Domain", "User.Domain", "{A523F42E-B488-47B6-B0BF-BA1CC31733F6}"
EndProject
Project("{2150E333-8FDC-42A3-9474-1A3956D46DE8}") = "User.Infrastructure", "User.Infrastructure", "{F505B38E-A23F-44BB-A689-AE51FA92CC00}"
EndProject
Project("{FAE04EC0-301F-11D3-BF4B-00C04F79EFBC}") = "User.Api", "User.Api\User.Api.csproj", "{A7546561-B04D-4854-8BAB-DC48FC4859AF}"
EndProject
Project("{FAE04EC0-301F-11D3-BF4B-00C04F79EFBC}") = "User.Application", "User.Application\User.Application.csproj", "{8FEE324E-C9D1-467E-A571-DEC50F100875}"
EndProject
Project("{FAE04EC0-301F-11D3-BF4B-00C04F79EFBC}") = "User.Domain", "User.Domain\User.Domain.csproj", "{B527802F-7B4A-447B-ABB6-1FE8C49950EE}"
EndProject
Project("{FAE04EC0-301F-11D3-BF4B-00C04F79EFBC}") = "User.Infrastructure", "User.Infrastructure\User.Infrastructure.csproj", "{6C091702-00ED-460E-AD8B-F206F8E670A3}"
EndProject
Global
	GlobalSection(SolutionConfigurationPlatforms) = preSolution
		Debug|Any CPU = Debug|Any CPU
		Release|Any CPU = Release|Any CPU
	EndGlobalSection
	GlobalSection(NestedProjects) = preSolution
		{78BB67B8-B0C8-4E44-AA86-C9B035F359C2} = {0B6FDCE0-B503-447E-A0DB-F271FEDCCF33}
		{06EFC1C6-484B-4341-9B5E-8DCF15F88530} = {8F6E37F2-F530-4DC6-B003-40E70999850B}
		{F51A3C99-58C1-489C-85A3-E4DA1106EA03} = {638D5110-F74F-4F0F-A302-50DF3264885A}
		{2A075170-5D77-47CC-A52A-C6C7F4CA0056} = {BD0BBFEE-7B06-43CF-B2FB-7220E4D0D437}
		{BD0BBFEE-7B06-43CF-B2FB-7220E4D0D437} = {5A2E075F-4A5A-4420-9285-E406290FA9E6}
		{638D5110-F74F-4F0F-A302-50DF3264885A} = {5A2E075F-4A5A-4420-9285-E406290FA9E6}
		{8F6E37F2-F530-4DC6-B003-40E70999850B} = {5A2E075F-4A5A-4420-9285-E406290FA9E6}
		{0B6FDCE0-B503-447E-A0DB-F271FEDCCF33} = {5A2E075F-4A5A-4420-9285-E406290FA9E6}
		{C2E83DA6-6088-4B19-BFEA-D06E8643217E} = {1AD65341-74FD-4822-9589-B036376E6773}
		{DE90418E-81EA-40F8-9A85-EB7E5955502F} = {1AD65341-74FD-4822-9589-B036376E6773}
		{A523F42E-B488-47B6-B0BF-BA1CC31733F6} = {1AD65341-74FD-4822-9589-B036376E6773}
		{F505B38E-A23F-44BB-A689-AE51FA92CC00} = {1AD65341-74FD-4822-9589-B036376E6773}
		{A7546561-B04D-4854-8BAB-DC48FC4859AF} = {C2E83DA6-6088-4B19-BFEA-D06E8643217E}
		{8FEE324E-C9D1-467E-A571-DEC50F100875} = {DE90418E-81EA-40F8-9A85-EB7E5955502F}
		{B527802F-7B4A-447B-ABB6-1FE8C49950EE} = {A523F42E-B488-47B6-B0BF-BA1CC31733F6}
		{6C091702-00ED-460E-AD8B-F206F8E670A3} = {F505B38E-A23F-44BB-A689-AE51FA92CC00}
	EndGlobalSection
	GlobalSection(ProjectConfigurationPlatforms) = postSolution
		{78BB67B8-B0C8-4E44-AA86-C9B035F359C2}.Debug|Any CPU.ActiveCfg = Debug|Any CPU
		{78BB67B8-B0C8-4E44-AA86-C9B035F359C2}.Debug|Any CPU.Build.0 = Debug|Any CPU
		{78BB67B8-B0C8-4E44-AA86-C9B035F359C2}.Release|Any CPU.ActiveCfg = Release|Any CPU
		{78BB67B8-B0C8-4E44-AA86-C9B035F359C2}.Release|Any CPU.Build.0 = Release|Any CPU
		{06EFC1C6-484B-4341-9B5E-8DCF15F88530}.Debug|Any CPU.ActiveCfg = Debug|Any CPU
		{06EFC1C6-484B-4341-9B5E-8DCF15F88530}.Debug|Any CPU.Build.0 = Debug|Any CPU
		{06EFC1C6-484B-4341-9B5E-8DCF15F88530}.Release|Any CPU.ActiveCfg = Release|Any CPU
		{06EFC1C6-484B-4341-9B5E-8DCF15F88530}.Release|Any CPU.Build.0 = Release|Any CPU
		{F51A3C99-58C1-489C-85A3-E4DA1106EA03}.Debug|Any CPU.ActiveCfg = Debug|Any CPU
		{F51A3C99-58C1-489C-85A3-E4DA1106EA03}.Debug|Any CPU.Build.0 = Debug|Any CPU
		{F51A3C99-58C1-489C-85A3-E4DA1106EA03}.Release|Any CPU.ActiveCfg = Release|Any CPU
		{F51A3C99-58C1-489C-85A3-E4DA1106EA03}.Release|Any CPU.Build.0 = Release|Any CPU
		{2A075170-5D77-47CC-A52A-C6C7F4CA0056}.Debug|Any CPU.ActiveCfg = Debug|Any CPU
		{2A075170-5D77-47CC-A52A-C6C7F4CA0056}.Debug|Any CPU.Build.0 = Debug|Any CPU
		{2A075170-5D77-47CC-A52A-C6C7F4CA0056}.Release|Any CPU.ActiveCfg = Release|Any CPU
		{2A075170-5D77-47CC-A52A-C6C7F4CA0056}.Release|Any CPU.Build.0 = Release|Any CPU
		{A7546561-B04D-4854-8BAB-DC48FC4859AF}.Debug|Any CPU.ActiveCfg = Debug|Any CPU
		{A7546561-B04D-4854-8BAB-DC48FC4859AF}.Debug|Any CPU.Build.0 = Debug|Any CPU
		{A7546561-B04D-4854-8BAB-DC48FC4859AF}.Release|Any CPU.ActiveCfg = Release|Any CPU
		{A7546561-B04D-4854-8BAB-DC48FC4859AF}.Release|Any CPU.Build.0 = Release|Any CPU
		{8FEE324E-C9D1-467E-A571-DEC50F100875}.Debug|Any CPU.ActiveCfg = Debug|Any CPU
		{8FEE324E-C9D1-467E-A571-DEC50F100875}.Debug|Any CPU.Build.0 = Debug|Any CPU
		{8FEE324E-C9D1-467E-A571-DEC50F100875}.Release|Any CPU.ActiveCfg = Release|Any CPU
		{8FEE324E-C9D1-467E-A571-DEC50F100875}.Release|Any CPU.Build.0 = Release|Any CPU
		{B527802F-7B4A-447B-ABB6-1FE8C49950EE}.Debug|Any CPU.ActiveCfg = Debug|Any CPU
		{B527802F-7B4A-447B-ABB6-1FE8C49950EE}.Debug|Any CPU.Build.0 = Debug|Any CPU
		{B527802F-7B4A-447B-ABB6-1FE8C49950EE}.Release|Any CPU.ActiveCfg = Release|Any CPU
		{B527802F-7B4A-447B-ABB6-1FE8C49950EE}.Release|Any CPU.Build.0 = Release|Any CPU
		{6C091702-00ED-460E-AD8B-F206F8E670A3}.Debug|Any CPU.ActiveCfg = Debug|Any CPU
		{6C091702-00ED-460E-AD8B-F206F8E670A3}.Debug|Any CPU.Build.0 = Debug|Any CPU
		{6C091702-00ED-460E-AD8B-F206F8E670A3}.Release|Any CPU.ActiveCfg = Release|Any CPU
		{6C091702-00ED-460E-AD8B-F206F8E670A3}.Release|Any CPU.Build.0 = Release|Any CPU
	EndGlobalSection
EndGlobal
